{
  "name": "bubbleCrm",
  "lockfileVersion": 3,
  "requires": true,
  "packages": {
    "": {
      "dependencies": {
        "tinymce": "^6.6.0"
      }
    },
    "node_modules/tinymce": {
      "version": "6.6.0",
      "resolved": "https://registry.npmjs.org/tinymce/-/tinymce-6.6.0.tgz",
      "integrity": "sha512-b9Mb7z8ryFOwLm8WCmlpwzdgOt1xD1u5Jjdh68B4QjkIyTLyHRBsfsrbiCUGonnVTymDlkexPkaP8sj24zexKQ=="
    }
  }
}
